
Microsoft Visual Studio Solution File, Format Version 12.00
# Visual Studio 14
VisualStudioVersion = 14.0.25123.0
MinimumVisualStudioVersion = 10.0.40219.1
Project("{FAE04EC0-301F-11D3-BF4B-00C04F79EFBC}") = "Spezifikation", "Spezifikation\Spezifikation.csproj", "{6DE11970-794E-4A4D-BFDD-A19F5DD31197}"
EndProject
Project("{FAE04EC0-301F-11D3-BF4B-00C04F79EFBC}") = "Api", "Api\Api.csproj", "{D15758AF-061B-4C51-A008-8FA6DA1F9304}"
EndProject
Project("{FAE04EC0-301F-11D3-BF4B-00C04F79EFBC}") = "Infrastruktur", "Infrastruktur\Infrastruktur.csproj", "{38AAAE7C-198C-434B-8C63-CD02724F374C}"
EndProject
Project("{FAE04EC0-301F-11D3-BF4B-00C04F79EFBC}") = "Resourcen", "Resourcen\Resourcen.csproj", "{8A34516F-5D6E-4A70-A821-408DEA3C44FC}"
EndProject
Project("{FAE04EC0-301F-11D3-BF4B-00C04F79EFBC}") = "Frontend", "Frontend\Frontend.csproj", "{F315D4EE-436C-4CF2-9170-298937FEB9EF}"
EndProject
Project("{FAE04EC0-301F-11D3-BF4B-00C04F79EFBC}") = "Modell_shared", "Modell_shared\Modell_shared.csproj", "{FADA883E-B7C1-47B5-8AC2-21FE84FC3E79}"
EndProject
Project("{FAE04EC0-301F-11D3-BF4B-00C04F79EFBC}") = "Modell_EventSourced", "Modell_EventSourced\Modell_EventSourced.csproj", "{888BACAC-E80A-4423-B422-6B19A13702AE}"
EndProject
Project("{FAE04EC0-301F-11D3-BF4B-00C04F79EFBC}") = "Modell_SQL", "Modell_SQL\Modell_SQL.csproj", "{C102530D-83DD-456E-A294-F51BC3E135E1}"
EndProject
Global
	GlobalSection(SolutionConfigurationPlatforms) = preSolution
		Debug|Any CPU = Debug|Any CPU
		Release|Any CPU = Release|Any CPU
	EndGlobalSection
	GlobalSection(ProjectConfigurationPlatforms) = postSolution
		{6DE11970-794E-4A4D-BFDD-A19F5DD31197}.Debug|Any CPU.ActiveCfg = Debug|Any CPU
		{6DE11970-794E-4A4D-BFDD-A19F5DD31197}.Debug|Any CPU.Build.0 = Debug|Any CPU
		{6DE11970-794E-4A4D-BFDD-A19F5DD31197}.Release|Any CPU.ActiveCfg = Release|Any CPU
		{6DE11970-794E-4A4D-BFDD-A19F5DD31197}.Release|Any CPU.Build.0 = Release|Any CPU
		{D15758AF-061B-4C51-A008-8FA6DA1F9304}.Debug|Any CPU.ActiveCfg = Debug|Any CPU
		{D15758AF-061B-4C51-A008-8FA6DA1F9304}.Debug|Any CPU.Build.0 = Debug|Any CPU
		{D15758AF-061B-4C51-A008-8FA6DA1F9304}.Release|Any CPU.ActiveCfg = Release|Any CPU
		{D15758AF-061B-4C51-A008-8FA6DA1F9304}.Release|Any CPU.Build.0 = Release|Any CPU
		{38AAAE7C-198C-434B-8C63-CD02724F374C}.Debug|Any CPU.ActiveCfg = Debug|Any CPU
		{38AAAE7C-198C-434B-8C63-CD02724F374C}.Debug|Any CPU.Build.0 = Debug|Any CPU
		{38AAAE7C-198C-434B-8C63-CD02724F374C}.Release|Any CPU.ActiveCfg = Release|Any CPU
		{38AAAE7C-198C-434B-8C63-CD02724F374C}.Release|Any CPU.Build.0 = Release|Any CPU
		{8A34516F-5D6E-4A70-A821-408DEA3C44FC}.Debug|Any CPU.ActiveCfg = Debug|Any CPU
		{8A34516F-5D6E-4A70-A821-408DEA3C44FC}.Debug|Any CPU.Build.0 = Debug|Any CPU
		{8A34516F-5D6E-4A70-A821-408DEA3C44FC}.Release|Any CPU.ActiveCfg = Release|Any CPU
		{8A34516F-5D6E-4A70-A821-408DEA3C44FC}.Release|Any CPU.Build.0 = Release|Any CPU
		{F315D4EE-436C-4CF2-9170-298937FEB9EF}.Debug|Any CPU.ActiveCfg = Debug|Any CPU
		{F315D4EE-436C-4CF2-9170-298937FEB9EF}.Debug|Any CPU.Build.0 = Debug|Any CPU
		{F315D4EE-436C-4CF2-9170-298937FEB9EF}.Release|Any CPU.ActiveCfg = Release|Any CPU
		{F315D4EE-436C-4CF2-9170-298937FEB9EF}.Release|Any CPU.Build.0 = Release|Any CPU
		{FADA883E-B7C1-47B5-8AC2-21FE84FC3E79}.Debug|Any CPU.ActiveCfg = Debug|Any CPU
		{FADA883E-B7C1-47B5-8AC2-21FE84FC3E79}.Debug|Any CPU.Build.0 = Debug|Any CPU
		{FADA883E-B7C1-47B5-8AC2-21FE84FC3E79}.Release|Any CPU.ActiveCfg = Release|Any CPU
		{FADA883E-B7C1-47B5-8AC2-21FE84FC3E79}.Release|Any CPU.Build.0 = Release|Any CPU
		{888BACAC-E80A-4423-B422-6B19A13702AE}.Debug|Any CPU.ActiveCfg = Debug|Any CPU
		{888BACAC-E80A-4423-B422-6B19A13702AE}.Debug|Any CPU.Build.0 = Debug|Any CPU
		{888BACAC-E80A-4423-B422-6B19A13702AE}.Release|Any CPU.ActiveCfg = Release|Any CPU
		{888BACAC-E80A-4423-B422-6B19A13702AE}.Release|Any CPU.Build.0 = Release|Any CPU
		{C102530D-83DD-456E-A294-F51BC3E135E1}.Debug|Any CPU.ActiveCfg = Debug|Any CPU
		{C102530D-83DD-456E-A294-F51BC3E135E1}.Debug|Any CPU.Build.0 = Debug|Any CPU
		{C102530D-83DD-456E-A294-F51BC3E135E1}.Release|Any CPU.ActiveCfg = Release|Any CPU
		{C102530D-83DD-456E-A294-F51BC3E135E1}.Release|Any CPU.Build.0 = Release|Any CPU
	EndGlobalSection
	GlobalSection(SolutionProperties) = preSolution
		HideSolutionNode = FALSE
	EndGlobalSection
EndGlobal
